
Microsoft Visual Studio Solution File, Format Version 12.00
# Visual Studio Version 17
VisualStudioVersion = 17.0.31903.59
MinimumVisualStudioVersion = 10.0.40219.1
Project("{2150E333-8FDC-42A3-9474-1A3956D46DE8}") = "Application", "Application", "{2980682B-8E63-45C3-8695-8FF36B615D44}"
EndProject
Project("{9A19103F-16F7-4668-BE54-9A1E7A4F7556}") = "Authen", "Application\Authen\Authen.csproj", "{A0992657-DC79-417F-A21F-1BBE2FF6F623}"
EndProject
Project("{9A19103F-16F7-4668-BE54-9A1E7A4F7556}") = "Basket", "Application\Basket\Basket.csproj", "{5A7AC35B-43E9-4D6C-BFF3-EE159C17E9BE}"
EndProject
Project("{9A19103F-16F7-4668-BE54-9A1E7A4F7556}") = "Book", "Application\Book\Book.csproj", "{CC437DAB-3213-4E7B-B3E4-A6F0BE90B3FE}"
EndProject
Project("{9A19103F-16F7-4668-BE54-9A1E7A4F7556}") = "Gateway", "Application\Gateway\Gateway.csproj", "{72CAEC8D-E14B-49E3-92CB-DCB0B8E870BD}"
EndProject
Project("{9A19103F-16F7-4668-BE54-9A1E7A4F7556}") = "Order", "Application\Order\Order.csproj", "{447BC341-4961-4EF1-B380-758E4EE1CAFE}"
EndProject
Project("{2150E333-8FDC-42A3-9474-1A3956D46DE8}") = "Domain", "Domain", "{91662CB8-46B0-43B4-96A2-686AAB0DAD03}"
EndProject
Project("{9A19103F-16F7-4668-BE54-9A1E7A4F7556}") = "Bookstore.Domain", "Domain\Bookstore.Domain\Bookstore.Domain.csproj", "{934D8CF2-6FFC-480D-BEC8-5DD3DC86522E}"
EndProject
Project("{2150E333-8FDC-42A3-9474-1A3956D46DE8}") = "Infrastructure", "Infrastructure", "{0F8D2D07-750C-42BD-8FAD-2433F016E449}"
EndProject
Project("{9A19103F-16F7-4668-BE54-9A1E7A4F7556}") = "Book.Infrastructure", "Infrastructure\Book.Infrastructure\Book.Infrastructure.csproj", "{E6C6126D-B7CB-4683-B775-E80578A505B3}"
EndProject
Project("{9A19103F-16F7-4668-BE54-9A1E7A4F7556}") = "Basket.Infrastructure", "Infrastructure\Basket.Infrastructure\Basket.Infrastructure.csproj", "{A19A9A8D-8331-4CA9-B7EF-3FC13624BA1B}"
EndProject
Project("{9A19103F-16F7-4668-BE54-9A1E7A4F7556}") = "Order.Infrastructure", "Infrastructure\Order.Infrastructure\Order.Infrastructure.csproj", "{BD763477-3122-428C-A271-841A481518A7}"
EndProject
Project("{2150E333-8FDC-42A3-9474-1A3956D46DE8}") = "Test", "Test", "{A4D897ED-A086-498A-B4D8-3A8E386E769A}"
EndProject
Project("{9A19103F-16F7-4668-BE54-9A1E7A4F7556}") = "Bookstore.Test", "Bookstore.Test\Bookstore.Test.csproj", "{FF34D360-5190-42B8-977E-75CF73BBACA3}"
EndProject
Project("{2150E333-8FDC-42A3-9474-1A3956D46DE8}") = "Shared", "Shared", "{888929F3-D52C-43DA-9BCD-891D3410039D}"
EndProject
Project("{9A19103F-16F7-4668-BE54-9A1E7A4F7556}") = "Bookstore.Api.Helper", "Bookstore.Api.Helper\Bookstore.Api.Helper.csproj", "{668B01C1-91DC-4DA3-B1F1-88E04E18DB25}"
EndProject
Project("{9A19103F-16F7-4668-BE54-9A1E7A4F7556}") = "Bookstore.Api.Enum", "Bookstore.Api.Enum\Bookstore.Api.Enum.csproj", "{669B904B-A14B-4065-BE41-24EBB3195531}"
EndProject
Project("{FAE04EC0-301F-11D3-BF4B-00C04F79EFBC}") = "Payment", "Payment\Payment.csproj", "{AB53F481-D982-451B-8F43-DC17F11AC48B}"
EndProject
Global
	GlobalSection(SolutionConfigurationPlatforms) = preSolution
		Debug|Any CPU = Debug|Any CPU
		Release|Any CPU = Release|Any CPU
	EndGlobalSection
	GlobalSection(ProjectConfigurationPlatforms) = postSolution
		{A0992657-DC79-417F-A21F-1BBE2FF6F623}.Debug|Any CPU.ActiveCfg = Debug|Any CPU
		{A0992657-DC79-417F-A21F-1BBE2FF6F623}.Debug|Any CPU.Build.0 = Debug|Any CPU
		{A0992657-DC79-417F-A21F-1BBE2FF6F623}.Release|Any CPU.ActiveCfg = Release|Any CPU
		{A0992657-DC79-417F-A21F-1BBE2FF6F623}.Release|Any CPU.Build.0 = Release|Any CPU
		{5A7AC35B-43E9-4D6C-BFF3-EE159C17E9BE}.Debug|Any CPU.ActiveCfg = Debug|Any CPU
		{5A7AC35B-43E9-4D6C-BFF3-EE159C17E9BE}.Debug|Any CPU.Build.0 = Debug|Any CPU
		{5A7AC35B-43E9-4D6C-BFF3-EE159C17E9BE}.Release|Any CPU.ActiveCfg = Release|Any CPU
		{5A7AC35B-43E9-4D6C-BFF3-EE159C17E9BE}.Release|Any CPU.Build.0 = Release|Any CPU
		{CC437DAB-3213-4E7B-B3E4-A6F0BE90B3FE}.Debug|Any CPU.ActiveCfg = Debug|Any CPU
		{CC437DAB-3213-4E7B-B3E4-A6F0BE90B3FE}.Debug|Any CPU.Build.0 = Debug|Any CPU
		{CC437DAB-3213-4E7B-B3E4-A6F0BE90B3FE}.Release|Any CPU.ActiveCfg = Release|Any CPU
		{CC437DAB-3213-4E7B-B3E4-A6F0BE90B3FE}.Release|Any CPU.Build.0 = Release|Any CPU
		{72CAEC8D-E14B-49E3-92CB-DCB0B8E870BD}.Debug|Any CPU.ActiveCfg = Debug|Any CPU
		{72CAEC8D-E14B-49E3-92CB-DCB0B8E870BD}.Debug|Any CPU.Build.0 = Debug|Any CPU
		{72CAEC8D-E14B-49E3-92CB-DCB0B8E870BD}.Release|Any CPU.ActiveCfg = Release|Any CPU
		{72CAEC8D-E14B-49E3-92CB-DCB0B8E870BD}.Release|Any CPU.Build.0 = Release|Any CPU
		{447BC341-4961-4EF1-B380-758E4EE1CAFE}.Debug|Any CPU.ActiveCfg = Debug|Any CPU
		{447BC341-4961-4EF1-B380-758E4EE1CAFE}.Debug|Any CPU.Build.0 = Debug|Any CPU
		{447BC341-4961-4EF1-B380-758E4EE1CAFE}.Release|Any CPU.ActiveCfg = Release|Any CPU
		{447BC341-4961-4EF1-B380-758E4EE1CAFE}.Release|Any CPU.Build.0 = Release|Any CPU
		{934D8CF2-6FFC-480D-BEC8-5DD3DC86522E}.Debug|Any CPU.ActiveCfg = Debug|Any CPU
		{934D8CF2-6FFC-480D-BEC8-5DD3DC86522E}.Debug|Any CPU.Build.0 = Debug|Any CPU
		{934D8CF2-6FFC-480D-BEC8-5DD3DC86522E}.Release|Any CPU.ActiveCfg = Release|Any CPU
		{934D8CF2-6FFC-480D-BEC8-5DD3DC86522E}.Release|Any CPU.Build.0 = Release|Any CPU
		{E6C6126D-B7CB-4683-B775-E80578A505B3}.Debug|Any CPU.ActiveCfg = Debug|Any CPU
		{E6C6126D-B7CB-4683-B775-E80578A505B3}.Debug|Any CPU.Build.0 = Debug|Any CPU
		{E6C6126D-B7CB-4683-B775-E80578A505B3}.Release|Any CPU.ActiveCfg = Release|Any CPU
		{E6C6126D-B7CB-4683-B775-E80578A505B3}.Release|Any CPU.Build.0 = Release|Any CPU
		{A19A9A8D-8331-4CA9-B7EF-3FC13624BA1B}.Debug|Any CPU.ActiveCfg = Debug|Any CPU
		{A19A9A8D-8331-4CA9-B7EF-3FC13624BA1B}.Debug|Any CPU.Build.0 = Debug|Any CPU
		{A19A9A8D-8331-4CA9-B7EF-3FC13624BA1B}.Release|Any CPU.ActiveCfg = Release|Any CPU
		{A19A9A8D-8331-4CA9-B7EF-3FC13624BA1B}.Release|Any CPU.Build.0 = Release|Any CPU
		{BD763477-3122-428C-A271-841A481518A7}.Debug|Any CPU.ActiveCfg = Debug|Any CPU
		{BD763477-3122-428C-A271-841A481518A7}.Debug|Any CPU.Build.0 = Debug|Any CPU
		{BD763477-3122-428C-A271-841A481518A7}.Release|Any CPU.ActiveCfg = Release|Any CPU
		{BD763477-3122-428C-A271-841A481518A7}.Release|Any CPU.Build.0 = Release|Any CPU
		{FF34D360-5190-42B8-977E-75CF73BBACA3}.Debug|Any CPU.ActiveCfg = Debug|Any CPU
		{FF34D360-5190-42B8-977E-75CF73BBACA3}.Debug|Any CPU.Build.0 = Debug|Any CPU
		{FF34D360-5190-42B8-977E-75CF73BBACA3}.Release|Any CPU.ActiveCfg = Release|Any CPU
		{FF34D360-5190-42B8-977E-75CF73BBACA3}.Release|Any CPU.Build.0 = Release|Any CPU
		{668B01C1-91DC-4DA3-B1F1-88E04E18DB25}.Debug|Any CPU.ActiveCfg = Debug|Any CPU
		{668B01C1-91DC-4DA3-B1F1-88E04E18DB25}.Debug|Any CPU.Build.0 = Debug|Any CPU
		{668B01C1-91DC-4DA3-B1F1-88E04E18DB25}.Release|Any CPU.ActiveCfg = Release|Any CPU
		{668B01C1-91DC-4DA3-B1F1-88E04E18DB25}.Release|Any CPU.Build.0 = Release|Any CPU
		{669B904B-A14B-4065-BE41-24EBB3195531}.Debug|Any CPU.ActiveCfg = Debug|Any CPU
		{669B904B-A14B-4065-BE41-24EBB3195531}.Debug|Any CPU.Build.0 = Debug|Any CPU
		{669B904B-A14B-4065-BE41-24EBB3195531}.Release|Any CPU.ActiveCfg = Release|Any CPU
		{669B904B-A14B-4065-BE41-24EBB3195531}.Release|Any CPU.Build.0 = Release|Any CPU
		{AB53F481-D982-451B-8F43-DC17F11AC48B}.Debug|Any CPU.ActiveCfg = Debug|Any CPU
		{AB53F481-D982-451B-8F43-DC17F11AC48B}.Debug|Any CPU.Build.0 = Debug|Any CPU
		{AB53F481-D982-451B-8F43-DC17F11AC48B}.Release|Any CPU.ActiveCfg = Release|Any CPU
		{AB53F481-D982-451B-8F43-DC17F11AC48B}.Release|Any CPU.Build.0 = Release|Any CPU
	EndGlobalSection
	GlobalSection(SolutionProperties) = preSolution
		HideSolutionNode = FALSE
	EndGlobalSection
	GlobalSection(NestedProjects) = preSolution
		{A0992657-DC79-417F-A21F-1BBE2FF6F623} = {2980682B-8E63-45C3-8695-8FF36B615D44}
		{5A7AC35B-43E9-4D6C-BFF3-EE159C17E9BE} = {2980682B-8E63-45C3-8695-8FF36B615D44}
		{CC437DAB-3213-4E7B-B3E4-A6F0BE90B3FE} = {2980682B-8E63-45C3-8695-8FF36B615D44}
		{72CAEC8D-E14B-49E3-92CB-DCB0B8E870BD} = {2980682B-8E63-45C3-8695-8FF36B615D44}
		{447BC341-4961-4EF1-B380-758E4EE1CAFE} = {2980682B-8E63-45C3-8695-8FF36B615D44}
		{934D8CF2-6FFC-480D-BEC8-5DD3DC86522E} = {91662CB8-46B0-43B4-96A2-686AAB0DAD03}
		{E6C6126D-B7CB-4683-B775-E80578A505B3} = {0F8D2D07-750C-42BD-8FAD-2433F016E449}
		{A19A9A8D-8331-4CA9-B7EF-3FC13624BA1B} = {0F8D2D07-750C-42BD-8FAD-2433F016E449}
		{BD763477-3122-428C-A271-841A481518A7} = {0F8D2D07-750C-42BD-8FAD-2433F016E449}
		{FF34D360-5190-42B8-977E-75CF73BBACA3} = {A4D897ED-A086-498A-B4D8-3A8E386E769A}
		{668B01C1-91DC-4DA3-B1F1-88E04E18DB25} = {888929F3-D52C-43DA-9BCD-891D3410039D}
		{669B904B-A14B-4065-BE41-24EBB3195531} = {888929F3-D52C-43DA-9BCD-891D3410039D}
		{AB53F481-D982-451B-8F43-DC17F11AC48B} = {2980682B-8E63-45C3-8695-8FF36B615D44}
	EndGlobalSection
	GlobalSection(ExtensibilityGlobals) = postSolution
		SolutionGuid = {9CE44EEF-82EF-41B7-9FDA-7245823D50C8}
	EndGlobalSection
EndGlobal
